
Microsoft Visual Studio Solution File, Format Version 12.00
# Visual Studio Version 17
VisualStudioVersion = 17.0.31903.59
MinimumVisualStudioVersion = 10.0.40219.1
Project("{2150E333-8FDC-42A3-9474-1A3956D46DE8}") = "src", "src", "{827E0CD3-B72D-47B6-A68D-7590B98EB39B}"
EndProject
Project("{FAE04EC0-301F-11D3-BF4B-00C04F79EFBC}") = "DesktopAuditTool.Core", "src\DesktopAuditTool.Core\DesktopAuditTool.Core.csproj", "{F02857E0-DBDE-4252-878F-BD82A6784014}"
EndProject
Project("{FAE04EC0-301F-11D3-BF4B-00C04F79EFBC}") = "DesktopAuditTool.Auditors", "src\DesktopAuditTool.Auditors\DesktopAuditTool.Auditors.csproj", "{A9988DB2-B759-4E7E-AB10-3953D94AFEDC}"
EndProject
Project("{FAE04EC0-301F-11D3-BF4B-00C04F79EFBC}") = "DesktopAuditTool.ThreatIntel", "src\DesktopAuditTool.ThreatIntel\DesktopAuditTool.ThreatIntel.csproj", "{74D14BA0-5770-4703-A49D-E175926158BC}"
EndProject
Project("{FAE04EC0-301F-11D3-BF4B-00C04F79EFBC}") = "DesktopAuditTool.Remediation", "src\DesktopAuditTool.Remediation\DesktopAuditTool.Remediation.csproj", "{0D7A3BBF-D8F4-4BA6-BF01-15AFEE89D06E}"
EndProject
Project("{FAE04EC0-301F-11D3-BF4B-00C04F79EFBC}") = "DesktopAuditTool.Reporting", "src\DesktopAuditTool.Reporting\DesktopAuditTool.Reporting.csproj", "{B655DAC9-0007-4FC8-B806-D4A292643062}"
EndProject
Project("{FAE04EC0-301F-11D3-BF4B-00C04F79EFBC}") = "DesktopAuditTool.App", "src\DesktopAuditTool.App\DesktopAuditTool.App.csproj", "{C7EF02D3-676C-457B-B30D-0A12F31D979A}"
EndProject
Project("{2150E333-8FDC-42A3-9474-1A3956D46DE8}") = "tests", "tests", "{0AB3BF05-4346-4AA6-1389-037BE0695223}"
EndProject
Project("{FAE04EC0-301F-11D3-BF4B-00C04F79EFBC}") = "DesktopAuditTool.Tests", "tests\DesktopAuditTool.Tests\DesktopAuditTool.Tests.csproj", "{7EDA6B13-7CC5-4098-B518-B277D8447837}"
EndProject
Project("{FAE04EC0-301F-11D3-BF4B-00C04F79EFBC}") = "DesktopAuditTool.WinUI", "src\DesktopAuditTool.WinUI\DesktopAuditTool.WinUI.csproj", "{EAE0B7E9-832E-40B7-AE58-1E6293763E41}"
EndProject
Global
	GlobalSection(SolutionConfigurationPlatforms) = preSolution
		Debug|Any CPU = Debug|Any CPU
		Debug|x64 = Debug|x64
		Debug|x86 = Debug|x86
		Release|Any CPU = Release|Any CPU
		Release|x64 = Release|x64
		Release|x86 = Release|x86
	EndGlobalSection
	GlobalSection(ProjectConfigurationPlatforms) = postSolution
		{F02857E0-DBDE-4252-878F-BD82A6784014}.Debug|Any CPU.ActiveCfg = Debug|Any CPU
		{F02857E0-DBDE-4252-878F-BD82A6784014}.Debug|Any CPU.Build.0 = Debug|Any CPU
		{F02857E0-DBDE-4252-878F-BD82A6784014}.Debug|x64.ActiveCfg = Debug|Any CPU
		{F02857E0-DBDE-4252-878F-BD82A6784014}.Debug|x64.Build.0 = Debug|Any CPU
		{F02857E0-DBDE-4252-878F-BD82A6784014}.Debug|x86.ActiveCfg = Debug|Any CPU
		{F02857E0-DBDE-4252-878F-BD82A6784014}.Debug|x86.Build.0 = Debug|Any CPU
		{F02857E0-DBDE-4252-878F-BD82A6784014}.Release|Any CPU.ActiveCfg = Release|Any CPU
		{F02857E0-DBDE-4252-878F-BD82A6784014}.Release|Any CPU.Build.0 = Release|Any CPU
		{F02857E0-DBDE-4252-878F-BD82A6784014}.Release|x64.ActiveCfg = Release|Any CPU
		{F02857E0-DBDE-4252-878F-BD82A6784014}.Release|x64.Build.0 = Release|Any CPU
		{F02857E0-DBDE-4252-878F-BD82A6784014}.Release|x86.ActiveCfg = Release|Any CPU
		{F02857E0-DBDE-4252-878F-BD82A6784014}.Release|x86.Build.0 = Release|Any CPU
		{A9988DB2-B759-4E7E-AB10-3953D94AFEDC}.Debug|Any CPU.ActiveCfg = Debug|Any CPU
		{A9988DB2-B759-4E7E-AB10-3953D94AFEDC}.Debug|Any CPU.Build.0 = Debug|Any CPU
		{A9988DB2-B759-4E7E-AB10-3953D94AFEDC}.Debug|x64.ActiveCfg = Debug|Any CPU
		{A9988DB2-B759-4E7E-AB10-3953D94AFEDC}.Debug|x64.Build.0 = Debug|Any CPU
		{A9988DB2-B759-4E7E-AB10-3953D94AFEDC}.Debug|x86.ActiveCfg = Debug|Any CPU
		{A9988DB2-B759-4E7E-AB10-3953D94AFEDC}.Debug|x86.Build.0 = Debug|Any CPU
		{A9988DB2-B759-4E7E-AB10-3953D94AFEDC}.Release|Any CPU.ActiveCfg = Release|Any CPU
		{A9988DB2-B759-4E7E-AB10-3953D94AFEDC}.Release|Any CPU.Build.0 = Release|Any CPU
		{A9988DB2-B759-4E7E-AB10-3953D94AFEDC}.Release|x64.ActiveCfg = Release|Any CPU
		{A9988DB2-B759-4E7E-AB10-3953D94AFEDC}.Release|x64.Build.0 = Release|Any CPU
		{A9988DB2-B759-4E7E-AB10-3953D94AFEDC}.Release|x86.ActiveCfg = Release|Any CPU
		{A9988DB2-B759-4E7E-AB10-3953D94AFEDC}.Release|x86.Build.0 = Release|Any CPU
		{74D14BA0-5770-4703-A49D-E175926158BC}.Debug|Any CPU.ActiveCfg = Debug|Any CPU
		{74D14BA0-5770-4703-A49D-E175926158BC}.Debug|Any CPU.Build.0 = Debug|Any CPU
		{74D14BA0-5770-4703-A49D-E175926158BC}.Debug|x64.ActiveCfg = Debug|Any CPU
		{74D14BA0-5770-4703-A49D-E175926158BC}.Debug|x64.Build.0 = Debug|Any CPU
		{74D14BA0-5770-4703-A49D-E175926158BC}.Debug|x86.ActiveCfg = Debug|Any CPU
		{74D14BA0-5770-4703-A49D-E175926158BC}.Debug|x86.Build.0 = Debug|Any CPU
		{74D14BA0-5770-4703-A49D-E175926158BC}.Release|Any CPU.ActiveCfg = Release|Any CPU
		{74D14BA0-5770-4703-A49D-E175926158BC}.Release|Any CPU.Build.0 = Release|Any CPU
		{74D14BA0-5770-4703-A49D-E175926158BC}.Release|x64.ActiveCfg = Release|Any CPU
		{74D14BA0-5770-4703-A49D-E175926158BC}.Release|x64.Build.0 = Release|Any CPU
		{74D14BA0-5770-4703-A49D-E175926158BC}.Release|x86.ActiveCfg = Release|Any CPU
		{74D14BA0-5770-4703-A49D-E175926158BC}.Release|x86.Build.0 = Release|Any CPU
		{0D7A3BBF-D8F4-4BA6-BF01-15AFEE89D06E}.Debug|Any CPU.ActiveCfg = Debug|Any CPU
		{0D7A3BBF-D8F4-4BA6-BF01-15AFEE89D06E}.Debug|Any CPU.Build.0 = Debug|Any CPU
		{0D7A3BBF-D8F4-4BA6-BF01-15AFEE89D06E}.Debug|x64.ActiveCfg = Debug|Any CPU
		{0D7A3BBF-D8F4-4BA6-BF01-15AFEE89D06E}.Debug|x64.Build.0 = Debug|Any CPU
		{0D7A3BBF-D8F4-4BA6-BF01-15AFEE89D06E}.Debug|x86.ActiveCfg = Debug|Any CPU
		{0D7A3BBF-D8F4-4BA6-BF01-15AFEE89D06E}.Debug|x86.Build.0 = Debug|Any CPU
		{0D7A3BBF-D8F4-4BA6-BF01-15AFEE89D06E}.Release|Any CPU.ActiveCfg = Release|Any CPU
		{0D7A3BBF-D8F4-4BA6-BF01-15AFEE89D06E}.Release|Any CPU.Build.0 = Release|Any CPU
		{0D7A3BBF-D8F4-4BA6-BF01-15AFEE89D06E}.Release|x64.ActiveCfg = Release|Any CPU
		{0D7A3BBF-D8F4-4BA6-BF01-15AFEE89D06E}.Release|x64.Build.0 = Release|Any CPU
		{0D7A3BBF-D8F4-4BA6-BF01-15AFEE89D06E}.Release|x86.ActiveCfg = Release|Any CPU
		{0D7A3BBF-D8F4-4BA6-BF01-15AFEE89D06E}.Release|x86.Build.0 = Release|Any CPU
		{B655DAC9-0007-4FC8-B806-D4A292643062}.Debug|Any CPU.ActiveCfg = Debug|Any CPU
		{B655DAC9-0007-4FC8-B806-D4A292643062}.Debug|Any CPU.Build.0 = Debug|Any CPU
		{B655DAC9-0007-4FC8-B806-D4A292643062}.Debug|x64.ActiveCfg = Debug|Any CPU
		{B655DAC9-0007-4FC8-B806-D4A292643062}.Debug|x64.Build.0 = Debug|Any CPU
		{B655DAC9-0007-4FC8-B806-D4A292643062}.Debug|x86.ActiveCfg = Debug|Any CPU
		{B655DAC9-0007-4FC8-B806-D4A292643062}.Debug|x86.Build.0 = Debug|Any CPU
		{B655DAC9-0007-4FC8-B806-D4A292643062}.Release|Any CPU.ActiveCfg = Release|Any CPU
		{B655DAC9-0007-4FC8-B806-D4A292643062}.Release|Any CPU.Build.0 = Release|Any CPU
		{B655DAC9-0007-4FC8-B806-D4A292643062}.Release|x64.ActiveCfg = Release|Any CPU
		{B655DAC9-0007-4FC8-B806-D4A292643062}.Release|x64.Build.0 = Release|Any CPU
		{B655DAC9-0007-4FC8-B806-D4A292643062}.Release|x86.ActiveCfg = Release|Any CPU
		{B655DAC9-0007-4FC8-B806-D4A292643062}.Release|x86.Build.0 = Release|Any CPU
		{C7EF02D3-676C-457B-B30D-0A12F31D979A}.Debug|Any CPU.ActiveCfg = Debug|Any CPU
		{C7EF02D3-676C-457B-B30D-0A12F31D979A}.Debug|Any CPU.Build.0 = Debug|Any CPU
		{C7EF02D3-676C-457B-B30D-0A12F31D979A}.Debug|x64.ActiveCfg = Debug|Any CPU
		{C7EF02D3-676C-457B-B30D-0A12F31D979A}.Debug|x64.Build.0 = Debug|Any CPU
		{C7EF02D3-676C-457B-B30D-0A12F31D979A}.Debug|x86.ActiveCfg = Debug|Any CPU
		{C7EF02D3-676C-457B-B30D-0A12F31D979A}.Debug|x86.Build.0 = Debug|Any CPU
		{C7EF02D3-676C-457B-B30D-0A12F31D979A}.Release|Any CPU.ActiveCfg = Release|Any CPU
		{C7EF02D3-676C-457B-B30D-0A12F31D979A}.Release|Any CPU.Build.0 = Release|Any CPU
		{C7EF02D3-676C-457B-B30D-0A12F31D979A}.Release|x64.ActiveCfg = Release|Any CPU
		{C7EF02D3-676C-457B-B30D-0A12F31D979A}.Release|x64.Build.0 = Release|Any CPU
		{C7EF02D3-676C-457B-B30D-0A12F31D979A}.Release|x86.ActiveCfg = Release|Any CPU
		{C7EF02D3-676C-457B-B30D-0A12F31D979A}.Release|x86.Build.0 = Release|Any CPU
		{7EDA6B13-7CC5-4098-B518-B277D8447837}.Debug|Any CPU.ActiveCfg = Debug|Any CPU
		{7EDA6B13-7CC5-4098-B518-B277D8447837}.Debug|Any CPU.Build.0 = Debug|Any CPU
		{7EDA6B13-7CC5-4098-B518-B277D8447837}.Debug|x64.ActiveCfg = Debug|Any CPU
		{7EDA6B13-7CC5-4098-B518-B277D8447837}.Debug|x64.Build.0 = Debug|Any CPU
		{7EDA6B13-7CC5-4098-B518-B277D8447837}.Debug|x86.ActiveCfg = Debug|Any CPU
		{7EDA6B13-7CC5-4098-B518-B277D8447837}.Debug|x86.Build.0 = Debug|Any CPU
		{7EDA6B13-7CC5-4098-B518-B277D8447837}.Release|Any CPU.ActiveCfg = Release|Any CPU
		{7EDA6B13-7CC5-4098-B518-B277D8447837}.Release|Any CPU.Build.0 = Release|Any CPU
		{7EDA6B13-7CC5-4098-B518-B277D8447837}.Release|x64.ActiveCfg = Release|Any CPU
		{7EDA6B13-7CC5-4098-B518-B277D8447837}.Release|x64.Build.0 = Release|Any CPU
		{7EDA6B13-7CC5-4098-B518-B277D8447837}.Release|x86.ActiveCfg = Release|Any CPU
		{7EDA6B13-7CC5-4098-B518-B277D8447837}.Release|x86.Build.0 = Release|Any CPU
		{EAE0B7E9-832E-40B7-AE58-1E6293763E41}.Debug|Any CPU.ActiveCfg = Debug|x86
		{EAE0B7E9-832E-40B7-AE58-1E6293763E41}.Debug|Any CPU.Build.0 = Debug|x86
		{EAE0B7E9-832E-40B7-AE58-1E6293763E41}.Debug|x64.ActiveCfg = Debug|x64
		{EAE0B7E9-832E-40B7-AE58-1E6293763E41}.Debug|x64.Build.0 = Debug|x64
		{EAE0B7E9-832E-40B7-AE58-1E6293763E41}.Debug|x86.ActiveCfg = Debug|x86
		{EAE0B7E9-832E-40B7-AE58-1E6293763E41}.Debug|x86.Build.0 = Debug|x86
		{EAE0B7E9-832E-40B7-AE58-1E6293763E41}.Release|Any CPU.ActiveCfg = Release|x86
		{EAE0B7E9-832E-40B7-AE58-1E6293763E41}.Release|Any CPU.Build.0 = Release|x86
		{EAE0B7E9-832E-40B7-AE58-1E6293763E41}.Release|x64.ActiveCfg = Release|x64
		{EAE0B7E9-832E-40B7-AE58-1E6293763E41}.Release|x64.Build.0 = Release|x64
		{EAE0B7E9-832E-40B7-AE58-1E6293763E41}.Release|x86.ActiveCfg = Release|x86
		{EAE0B7E9-832E-40B7-AE58-1E6293763E41}.Release|x86.Build.0 = Release|x86
	EndGlobalSection
	GlobalSection(SolutionProperties) = preSolution
		HideSolutionNode = FALSE
	EndGlobalSection
	GlobalSection(NestedProjects) = preSolution
		{F02857E0-DBDE-4252-878F-BD82A6784014} = {827E0CD3-B72D-47B6-A68D-7590B98EB39B}
		{A9988DB2-B759-4E7E-AB10-3953D94AFEDC} = {827E0CD3-B72D-47B6-A68D-7590B98EB39B}
		{74D14BA0-5770-4703-A49D-E175926158BC} = {827E0CD3-B72D-47B6-A68D-7590B98EB39B}
		{0D7A3BBF-D8F4-4BA6-BF01-15AFEE89D06E} = {827E0CD3-B72D-47B6-A68D-7590B98EB39B}
		{B655DAC9-0007-4FC8-B806-D4A292643062} = {827E0CD3-B72D-47B6-A68D-7590B98EB39B}
		{C7EF02D3-676C-457B-B30D-0A12F31D979A} = {827E0CD3-B72D-47B6-A68D-7590B98EB39B}
		{7EDA6B13-7CC5-4098-B518-B277D8447837} = {0AB3BF05-4346-4AA6-1389-037BE0695223}
		{EAE0B7E9-832E-40B7-AE58-1E6293763E41} = {827E0CD3-B72D-47B6-A68D-7590B98EB39B}
	EndGlobalSection
EndGlobal
